
Microsoft Visual Studio Solution File, Format Version 12.00
# Visual Studio Version 16
VisualStudioVersion = 16.0.29920.165
MinimumVisualStudioVersion = 10.0.40219.1
Project("{FAE04EC0-301F-11D3-BF4B-00C04F79EFBC}") = "SuggestedOrdering", "SuggestedOrdering\SuggestedOrdering.csproj", "{3AE4FBE9-D6A2-459C-A566-CE549BC1D980}"
EndProject
Global
	GlobalSection(SolutionConfigurationPlatforms) = preSolution
		Debug|Any CPU = Debug|Any CPU
		Release|Any CPU = Release|Any CPU
	EndGlobalSection
	GlobalSection(ProjectConfigurationPlatforms) = postSolution
		{3AE4FBE9-D6A2-459C-A566-CE549BC1D980}.Debug|Any CPU.ActiveCfg = Debug|Any CPU
		{3AE4FBE9-D6A2-459C-A566-CE549BC1D980}.Debug|Any CPU.Build.0 = Debug|Any CPU
		{3AE4FBE9-D6A2-459C-A566-CE549BC1D980}.Release|Any CPU.ActiveCfg = Release|Any CPU
		{3AE4FBE9-D6A2-459C-A566-CE549BC1D980}.Release|Any CPU.Build.0 = Release|Any CPU
	EndGlobalSection
	GlobalSection(SolutionProperties) = preSolution
		HideSolutionNode = FALSE
	EndGlobalSection
	GlobalSection(ExtensibilityGlobals) = postSolution
		SolutionGuid = {6D33981E-0AF3-44ED-A020-6D0EDD88D0BF}
	EndGlobalSection
EndGlobal
